// !$*UTF8*$!
{
	archiveVersion = 1;
	classes = {
	};
	objectVersion = 48;
	objects = {

/* Begin PBXBuildFile section */
		21C8B1901F8A072100C4B4A5 /* CoreLocation.framework in Frameworks */ = {isa = PBXBuildFile; fileRef = 21C8B18F1F8A072100C4B4A5 /* CoreLocation.framework */; };
		21DC48091F8A43D400735E49 /* RootViewController.m in Sources */ = {isa = PBXBuildFile; fileRef = 21DC48081F8A43D400735E49 /* RootViewController.m */; };
		21DC480E1F8A443800735E49 /* GridTileOverlay.m in Sources */ = {isa = PBXBuildFile; fileRef = 21DC480D1F8A443800735E49 /* GridTileOverlay.m */; };
		21DC48111F8A446200735E49 /* GridTileOverlayRenderer.m in Sources */ = {isa = PBXBuildFile; fileRef = 21DC48101F8A446200735E49 /* GridTileOverlayRenderer.m */; };
		21DC48141F8A449200735E49 /* WatermarkTileOverlayRenderer.m in Sources */ = {isa = PBXBuildFile; fileRef = 21DC48131F8A449200735E49 /* WatermarkTileOverlayRenderer.m */; };
		21DC48171F8A454700735E49 /* RootViewController.xib in Resources */ = {isa = PBXBuildFile; fileRef = 21DC48161F8A454700735E49 /* RootViewController.xib */; };
		221EECB11F89848600700EAC /* AppDelegate.swift in Sources */ = {isa = PBXBuildFile; fileRef = 221EECB01F89848600700EAC /* AppDelegate.swift */; };
		221EECB31F89848600700EAC /* MainViewController.swift in Sources */ = {isa = PBXBuildFile; fileRef = 221EECB21F89848600700EAC /* MainViewController.swift */; };
		221EECB61F89848600700EAC /* Main.storyboard in Resources */ = {isa = PBXBuildFile; fileRef = 221EECB41F89848600700EAC /* Main.storyboard */; };
		221EECB81F89848600700EAC /* Assets.xcassets in Resources */ = {isa = PBXBuildFile; fileRef = 221EECB71F89848600700EAC /* Assets.xcassets */; };
		221EECBB1F89848600700EAC /* LaunchScreen.storyboard in Resources */ = {isa = PBXBuildFile; fileRef = 221EECB91F89848600700EAC /* LaunchScreen.storyboard */; };
		221EECC31F8990A700700EAC /* HelperFunctions.swift in Sources */ = {isa = PBXBuildFile; fileRef = 221EECC21F8990A700700EAC /* HelperFunctions.swift */; };
		22CFAAF51F89D2000012134F /* AreaViewController.swift in Sources */ = {isa = PBXBuildFile; fileRef = 22CFAAF41F89D2000012134F /* AreaViewController.swift */; };
		22CFAAF71F89DAB40012134F /* Constants.swift in Sources */ = {isa = PBXBuildFile; fileRef = 22CFAAF61F89DAB40012134F /* Constants.swift */; };
		7C9EF12D644ADDFF8D4C3FAA /* Pods_Proximity.framework in Frameworks */ = {isa = PBXBuildFile; fileRef = C4D121593033E2FD47287AD9 /* Pods_Proximity.framework */; };
/* End PBXBuildFile section */

/* Begin PBXFileReference section */
		21C8B18F1F8A072100C4B4A5 /* CoreLocation.framework */ = {isa = PBXFileReference; lastKnownFileType = wrapper.framework; name = CoreLocation.framework; path = System/Library/Frameworks/CoreLocation.framework; sourceTree = SDKROOT; };
		21DC48071F8A43D300735E49 /* Proximity-Bridging-Header.h */ = {isa = PBXFileReference; lastKnownFileType = sourcecode.c.h; path = "Proximity-Bridging-Header.h"; sourceTree = "<group>"; };
		21DC48081F8A43D400735E49 /* RootViewController.m */ = {isa = PBXFileReference; lastKnownFileType = sourcecode.c.objc; path = RootViewController.m; sourceTree = "<group>"; };
		21DC480B1F8A440B00735E49 /* RootViewController.h */ = {isa = PBXFileReference; lastKnownFileType = sourcecode.c.h; path = RootViewController.h; sourceTree = "<group>"; };
		21DC480C1F8A442300735E49 /* GridTileOverlay.h */ = {isa = PBXFileReference; lastKnownFileType = sourcecode.c.h; path = GridTileOverlay.h; sourceTree = "<group>"; };
		21DC480D1F8A443800735E49 /* GridTileOverlay.m */ = {isa = PBXFileReference; lastKnownFileType = sourcecode.c.objc; path = GridTileOverlay.m; sourceTree = "<group>"; };
		21DC48101F8A446200735E49 /* GridTileOverlayRenderer.m */ = {isa = PBXFileReference; lastKnownFileType = sourcecode.c.objc; path = GridTileOverlayRenderer.m; sourceTree = "<group>"; };
		21DC48121F8A447A00735E49 /* WatermarkTileOverlayRenderer.h */ = {isa = PBXFileReference; lastKnownFileType = sourcecode.c.h; path = WatermarkTileOverlayRenderer.h; sourceTree = "<group>"; };
		21DC48131F8A449200735E49 /* WatermarkTileOverlayRenderer.m */ = {isa = PBXFileReference; lastKnownFileType = sourcecode.c.objc; path = WatermarkTileOverlayRenderer.m; sourceTree = "<group>"; };
		21DC48151F8A44B500735E49 /* GridTileOverlayRenderer.h */ = {isa = PBXFileReference; lastKnownFileType = sourcecode.c.h; path = GridTileOverlayRenderer.h; sourceTree = "<group>"; };
		21DC48161F8A454700735E49 /* RootViewController.xib */ = {isa = PBXFileReference; fileEncoding = 4; lastKnownFileType = file.xib; name = RootViewController.xib; path = ../RootViewController.xib; sourceTree = "<group>"; };
		221EECAD1F89848600700EAC /* Proximity.app */ = {isa = PBXFileReference; explicitFileType = wrapper.application; includeInIndex = 0; path = Proximity.app; sourceTree = BUILT_PRODUCTS_DIR; };
		221EECB01F89848600700EAC /* AppDelegate.swift */ = {isa = PBXFileReference; lastKnownFileType = sourcecode.swift; path = AppDelegate.swift; sourceTree = "<group>"; };
		221EECB21F89848600700EAC /* MainViewController.swift */ = {isa = PBXFileReference; lastKnownFileType = sourcecode.swift; path = MainViewController.swift; sourceTree = "<group>"; };
		221EECB51F89848600700EAC /* Base */ = {isa = PBXFileReference; lastKnownFileType = file.storyboard; name = Base; path = Base.lproj/Main.storyboard; sourceTree = "<group>"; };
		221EECB71F89848600700EAC /* Assets.xcassets */ = {isa = PBXFileReference; lastKnownFileType = folder.assetcatalog; path = Assets.xcassets; sourceTree = "<group>"; };
		221EECBA1F89848600700EAC /* Base */ = {isa = PBXFileReference; lastKnownFileType = file.storyboard; name = Base; path = Base.lproj/LaunchScreen.storyboard; sourceTree = "<group>"; };
		221EECBC1F89848600700EAC /* Info.plist */ = {isa = PBXFileReference; lastKnownFileType = text.plist.xml; path = Info.plist; sourceTree = "<group>"; };
		221EECC21F8990A700700EAC /* HelperFunctions.swift */ = {isa = PBXFileReference; lastKnownFileType = sourcecode.swift; path = HelperFunctions.swift; sourceTree = "<group>"; };
		22CFAAF41F89D2000012134F /* AreaViewController.swift */ = {isa = PBXFileReference; lastKnownFileType = sourcecode.swift; path = AreaViewController.swift; sourceTree = "<group>"; };
		22CFAAF61F89DAB40012134F /* Constants.swift */ = {isa = PBXFileReference; lastKnownFileType = sourcecode.swift; path = Constants.swift; sourceTree = "<group>"; };
		38E038452EC97FD5BADAF1FB /* Pods-Proximity.release.xcconfig */ = {isa = PBXFileReference; includeInIndex = 1; lastKnownFileType = text.xcconfig; name = "Pods-Proximity.release.xcconfig"; path = "Pods/Target Support Files/Pods-Proximity/Pods-Proximity.release.xcconfig"; sourceTree = "<group>"; };
		C4D121593033E2FD47287AD9 /* Pods_Proximity.framework */ = {isa = PBXFileReference; explicitFileType = wrapper.framework; includeInIndex = 0; path = Pods_Proximity.framework; sourceTree = BUILT_PRODUCTS_DIR; };
		F685B18C5C6C8A618DEB810D /* Pods-Proximity.debug.xcconfig */ = {isa = PBXFileReference; includeInIndex = 1; lastKnownFileType = text.xcconfig; name = "Pods-Proximity.debug.xcconfig"; path = "Pods/Target Support Files/Pods-Proximity/Pods-Proximity.debug.xcconfig"; sourceTree = "<group>"; };
/* End PBXFileReference section */

/* Begin PBXFrameworksBuildPhase section */
		221EECAA1F89848600700EAC /* Frameworks */ = {
			isa = PBXFrameworksBuildPhase;
			buildActionMask = 2147483647;
			files = (
				21C8B1901F8A072100C4B4A5 /* CoreLocation.framework in Frameworks */,
				7C9EF12D644ADDFF8D4C3FAA /* Pods_Proximity.framework in Frameworks */,
			);
			runOnlyForDeploymentPostprocessing = 0;
		};
/* End PBXFrameworksBuildPhase section */

/* Begin PBXGroup section */
		221EECA41F89848600700EAC = {
			isa = PBXGroup;
			children = (
				221EECAF1F89848600700EAC /* Proximity */,
				221EECAE1F89848600700EAC /* Products */,
				39F076BE510FE5767EFC2A46 /* Pods */,
				A018DDB5191B4779B7B099A8 /* Frameworks */,
			);
			sourceTree = "<group>";
		};
		221EECAE1F89848600700EAC /* Products */ = {
			isa = PBXGroup;
			children = (
				221EECAD1F89848600700EAC /* Proximity.app */,
			);
			name = Products;
			sourceTree = "<group>";
		};
		221EECAF1F89848600700EAC /* Proximity */ = {
			isa = PBXGroup;
			children = (
				21DC48071F8A43D300735E49 /* Proximity-Bridging-Header.h */,
				221EECB01F89848600700EAC /* AppDelegate.swift */,
				221EECB21F89848600700EAC /* MainViewController.swift */,
				221EECB41F89848600700EAC /* Main.storyboard */,
				221EECB71F89848600700EAC /* Assets.xcassets */,
				221EECB91F89848600700EAC /* LaunchScreen.storyboard */,
				221EECBC1F89848600700EAC /* Info.plist */,
				221EECC21F8990A700700EAC /* HelperFunctions.swift */,
				22CFAAF41F89D2000012134F /* AreaViewController.swift */,
				22CFAAF61F89DAB40012134F /* Constants.swift */,
				21DC480B1F8A440B00735E49 /* RootViewController.h */,
				21DC48081F8A43D400735E49 /* RootViewController.m */,
				21DC480C1F8A442300735E49 /* GridTileOverlay.h */,
				21DC480D1F8A443800735E49 /* GridTileOverlay.m */,
				21DC48101F8A446200735E49 /* GridTileOverlayRenderer.m */,
				21DC48121F8A447A00735E49 /* WatermarkTileOverlayRenderer.h */,
				21DC48131F8A449200735E49 /* WatermarkTileOverlayRenderer.m */,
				21DC48151F8A44B500735E49 /* GridTileOverlayRenderer.h */,
				21DC48161F8A454700735E49 /* RootViewController.xib */,
			);
			path = Proximity;
			sourceTree = "<group>";
		};
		39F076BE510FE5767EFC2A46 /* Pods */ = {
			isa = PBXGroup;
			children = (
				F685B18C5C6C8A618DEB810D /* Pods-Proximity.debug.xcconfig */,
				38E038452EC97FD5BADAF1FB /* Pods-Proximity.release.xcconfig */,
			);
			name = Pods;
			sourceTree = "<group>";
		};
		A018DDB5191B4779B7B099A8 /* Frameworks */ = {
			isa = PBXGroup;
			children = (
				21C8B18F1F8A072100C4B4A5 /* CoreLocation.framework */,
				C4D121593033E2FD47287AD9 /* Pods_Proximity.framework */,
			);
			name = Frameworks;
			sourceTree = "<group>";
		};
/* End PBXGroup section */

/* Begin PBXNativeTarget section */
		221EECAC1F89848600700EAC /* Proximity */ = {
			isa = PBXNativeTarget;
			buildConfigurationList = 221EECBF1F89848600700EAC /* Build configuration list for PBXNativeTarget "Proximity" */;
			buildPhases = (
				5C1D9EC5548869044746293C /* [CP] Check Pods Manifest.lock */,
				221EECA91F89848600700EAC /* Sources */,
				221EECAA1F89848600700EAC /* Frameworks */,
				221EECAB1F89848600700EAC /* Resources */,
				9A139CADB1B8C76D64ECED5B /* [CP] Embed Pods Frameworks */,
				53094D415F6F2362D83D4FAE /* [CP] Copy Pods Resources */,
			);
			buildRules = (
			);
			dependencies = (
			);
			name = Proximity;
			productName = Proximity;
			productReference = 221EECAD1F89848600700EAC /* Proximity.app */;
			productType = "com.apple.product-type.application";
		};
/* End PBXNativeTarget section */

/* Begin PBXProject section */
		221EECA51F89848600700EAC /* Project object */ = {
			isa = PBXProject;
			attributes = {
				LastSwiftUpdateCheck = 0900;
				LastUpgradeCheck = 0900;
				ORGANIZATIONNAME = "Christopher Perkins";
				TargetAttributes = {
					221EECAC1F89848600700EAC = {
						CreatedOnToolsVersion = 9.0;
						LastSwiftMigration = 0910;
						ProvisioningStyle = Automatic;
					};
				};
			};
			buildConfigurationList = 221EECA81F89848600700EAC /* Build configuration list for PBXProject "Proximity" */;
			compatibilityVersion = "Xcode 8.0";
			developmentRegion = en;
			hasScannedForEncodings = 0;
			knownRegions = (
				en,
				Base,
			);
			mainGroup = 221EECA41F89848600700EAC;
			productRefGroup = 221EECAE1F89848600700EAC /* Products */;
			projectDirPath = "";
			projectRoot = "";
			targets = (
				221EECAC1F89848600700EAC /* Proximity */,
			);
		};
/* End PBXProject section */

/* Begin PBXResourcesBuildPhase section */
		221EECAB1F89848600700EAC /* Resources */ = {
			isa = PBXResourcesBuildPhase;
			buildActionMask = 2147483647;
			files = (
				221EECBB1F89848600700EAC /* LaunchScreen.storyboard in Resources */,
				221EECB81F89848600700EAC /* Assets.xcassets in Resources */,
				21DC48171F8A454700735E49 /* RootViewController.xib in Resources */,
				221EECB61F89848600700EAC /* Main.storyboard in Resources */,
			);
			runOnlyForDeploymentPostprocessing = 0;
		};
/* End PBXResourcesBuildPhase section */

/* Begin PBXShellScriptBuildPhase section */
		53094D415F6F2362D83D4FAE /* [CP] Copy Pods Resources */ = {
			isa = PBXShellScriptBuildPhase;
			buildActionMask = 2147483647;
			files = (
			);
			inputPaths = (
			);
			name = "[CP] Copy Pods Resources";
			outputPaths = (
			);
			runOnlyForDeploymentPostprocessing = 0;
			shellPath = /bin/sh;
			shellScript = "\"${SRCROOT}/Pods/Target Support Files/Pods-Proximity/Pods-Proximity-resources.sh\"\n";
			showEnvVarsInLog = 0;
		};
		5C1D9EC5548869044746293C /* [CP] Check Pods Manifest.lock */ = {
			isa = PBXShellScriptBuildPhase;
			buildActionMask = 2147483647;
			files = (
			);
			inputPaths = (
			);
			name = "[CP] Check Pods Manifest.lock";
			outputPaths = (
			);
			runOnlyForDeploymentPostprocessing = 0;
			shellPath = /bin/sh;
			shellScript = "diff \"${PODS_PODFILE_DIR_PATH}/Podfile.lock\" \"${PODS_ROOT}/Manifest.lock\" > /dev/null\nif [ $? != 0 ] ; then\n    # print error to STDERR\n    echo \"error: The sandbox is not in sync with the Podfile.lock. Run 'pod install' or update your CocoaPods installation.\" >&2\n    exit 1\nfi\n";
			showEnvVarsInLog = 0;
		};
		9A139CADB1B8C76D64ECED5B /* [CP] Embed Pods Frameworks */ = {
			isa = PBXShellScriptBuildPhase;
			buildActionMask = 2147483647;
			files = (
			);
			inputPaths = (
			);
			name = "[CP] Embed Pods Frameworks";
			outputPaths = (
			);
			runOnlyForDeploymentPostprocessing = 0;
			shellPath = /bin/sh;
			shellScript = "\"${SRCROOT}/Pods/Target Support Files/Pods-Proximity/Pods-Proximity-frameworks.sh\"\n";
			showEnvVarsInLog = 0;
		};
/* End PBXShellScriptBuildPhase section */

/* Begin PBXSourcesBuildPhase section */
		221EECA91F89848600700EAC /* Sources */ = {
			isa = PBXSourcesBuildPhase;
			buildActionMask = 2147483647;
			files = (
				22CFAAF51F89D2000012134F /* AreaViewController.swift in Sources */,
				21DC48091F8A43D400735E49 /* RootViewController.m in Sources */,
				21DC48141F8A449200735E49 /* WatermarkTileOverlayRenderer.m in Sources */,
				21DC480E1F8A443800735E49 /* GridTileOverlay.m in Sources */,
				221EECB31F89848600700EAC /* MainViewController.swift in Sources */,
				221EECB11F89848600700EAC /* AppDelegate.swift in Sources */,
				221EECC31F8990A700700EAC /* HelperFunctions.swift in Sources */,
				21DC48111F8A446200735E49 /* GridTileOverlayRenderer.m in Sources */,
				22CFAAF71F89DAB40012134F /* Constants.swift in Sources */,
			);
			runOnlyForDeploymentPostprocessing = 0;
		};
/* End PBXSourcesBuildPhase section */

/* Begin PBXVariantGroup section */
		221EECB41F89848600700EAC /* Main.storyboard */ = {
			isa = PBXVariantGroup;
			children = (
				221EECB51F89848600700EAC /* Base */,
			);
			name = Main.storyboard;
			sourceTree = "<group>";
		};
		221EECB91F89848600700EAC /* LaunchScreen.storyboard */ = {
			isa = PBXVariantGroup;
			children = (
				221EECBA1F89848600700EAC /* Base */,
			);
			name = LaunchScreen.storyboard;
			sourceTree = "<group>";
		};
/* End PBXVariantGroup section */

/* Begin XCBuildConfiguration section */
		221EECBD1F89848600700EAC /* Debug */ = {
			isa = XCBuildConfiguration;
			buildSettings = {
				ALWAYS_SEARCH_USER_PATHS = NO;
				CLANG_ANALYZER_NONNULL = YES;
				CLANG_ANALYZER_NUMBER_OBJECT_CONVERSION = YES_AGGRESSIVE;
				CLANG_CXX_LANGUAGE_STANDARD = "gnu++14";
				CLANG_CXX_LIBRARY = "libc++";
				CLANG_ENABLE_MODULES = YES;
				CLANG_ENABLE_OBJC_ARC = YES;
				CLANG_WARN_BLOCK_CAPTURE_AUTORELEASING = YES;
				CLANG_WARN_BOOL_CONVERSION = YES;
				CLANG_WARN_COMMA = YES;
				CLANG_WARN_CONSTANT_CONVERSION = YES;
				CLANG_WARN_DIRECT_OBJC_ISA_USAGE = YES_ERROR;
				CLANG_WARN_DOCUMENTATION_COMMENTS = YES;
				CLANG_WARN_EMPTY_BODY = YES;
				CLANG_WARN_ENUM_CONVERSION = YES;
				CLANG_WARN_INFINITE_RECURSION = YES;
				CLANG_WARN_INT_CONVERSION = YES;
				CLANG_WARN_NON_LITERAL_NULL_CONVERSION = YES;
				CLANG_WARN_OBJC_LITERAL_CONVERSION = YES;
				CLANG_WARN_OBJC_ROOT_CLASS = YES_ERROR;
				CLANG_WARN_RANGE_LOOP_ANALYSIS = YES;
				CLANG_WARN_STRICT_PROTOTYPES = YES;
				CLANG_WARN_SUSPICIOUS_MOVE = YES;
				CLANG_WARN_UNGUARDED_AVAILABILITY = YES_AGGRESSIVE;
				CLANG_WARN_UNREACHABLE_CODE = YES;
				CLANG_WARN__DUPLICATE_METHOD_MATCH = YES;
				CODE_SIGN_IDENTITY = "iPhone Developer";
				COPY_PHASE_STRIP = NO;
				DEBUG_INFORMATION_FORMAT = dwarf;
				ENABLE_STRICT_OBJC_MSGSEND = YES;
				ENABLE_TESTABILITY = YES;
				GCC_C_LANGUAGE_STANDARD = gnu11;
				GCC_DYNAMIC_NO_PIC = NO;
				GCC_NO_COMMON_BLOCKS = YES;
				GCC_OPTIMIZATION_LEVEL = 0;
				GCC_PREPROCESSOR_DEFINITIONS = (
					"DEBUG=1",
					"$(inherited)",
				);
				GCC_WARN_64_TO_32_BIT_CONVERSION = YES;
				GCC_WARN_ABOUT_RETURN_TYPE = YES_ERROR;
				GCC_WARN_UNDECLARED_SELECTOR = YES;
				GCC_WARN_UNINITIALIZED_AUTOS = YES_AGGRESSIVE;
				GCC_WARN_UNUSED_FUNCTION = YES;
				GCC_WARN_UNUSED_VARIABLE = YES;
				IPHONEOS_DEPLOYMENT_TARGET = 11.0;
				MTL_ENABLE_DEBUG_INFO = YES;
				ONLY_ACTIVE_ARCH = YES;
				SDKROOT = iphoneos;
				SWIFT_ACTIVE_COMPILATION_CONDITIONS = DEBUG;
				SWIFT_OPTIMIZATION_LEVEL = "-Onone";
			};
			name = Debug;
		};
		221EECBE1F89848600700EAC /* Release */ = {
			isa = XCBuildConfiguration;
			buildSettings = {
				ALWAYS_SEARCH_USER_PATHS = NO;
				CLANG_ANALYZER_NONNULL = YES;
				CLANG_ANALYZER_NUMBER_OBJECT_CONVERSION = YES_AGGRESSIVE;
				CLANG_CXX_LANGUAGE_STANDARD = "gnu++14";
				CLANG_CXX_LIBRARY = "libc++";
				CLANG_ENABLE_MODULES = YES;
				CLANG_ENABLE_OBJC_ARC = YES;
				CLANG_WARN_BLOCK_CAPTURE_AUTORELEASING = YES;
				CLANG_WARN_BOOL_CONVERSION = YES;
				CLANG_WARN_COMMA = YES;
				CLANG_WARN_CONSTANT_CONVERSION = YES;
				CLANG_WARN_DIRECT_OBJC_ISA_USAGE = YES_ERROR;
				CLANG_WARN_DOCUMENTATION_COMMENTS = YES;
				CLANG_WARN_EMPTY_BODY = YES;
				CLANG_WARN_ENUM_CONVERSION = YES;
				CLANG_WARN_INFINITE_RECURSION = YES;
				CLANG_WARN_INT_CONVERSION = YES;
				CLANG_WARN_NON_LITERAL_NULL_CONVERSION = YES;
				CLANG_WARN_OBJC_LITERAL_CONVERSION = YES;
				CLANG_WARN_OBJC_ROOT_CLASS = YES_ERROR;
				CLANG_WARN_RANGE_LOOP_ANALYSIS = YES;
				CLANG_WARN_STRICT_PROTOTYPES = YES;
				CLANG_WARN_SUSPICIOUS_MOVE = YES;
				CLANG_WARN_UNGUARDED_AVAILABILITY = YES_AGGRESSIVE;
				CLANG_WARN_UNREACHABLE_CODE = YES;
				CLANG_WARN__DUPLICATE_METHOD_MATCH = YES;
				CODE_SIGN_IDENTITY = "iPhone Developer";
				COPY_PHASE_STRIP = NO;
				DEBUG_INFORMATION_FORMAT = "dwarf-with-dsym";
				ENABLE_NS_ASSERTIONS = NO;
				ENABLE_STRICT_OBJC_MSGSEND = YES;
				GCC_C_LANGUAGE_STANDARD = gnu11;
				GCC_NO_COMMON_BLOCKS = YES;
				GCC_WARN_64_TO_32_BIT_CONVERSION = YES;
				GCC_WARN_ABOUT_RETURN_TYPE = YES_ERROR;
				GCC_WARN_UNDECLARED_SELECTOR = YES;
				GCC_WARN_UNINITIALIZED_AUTOS = YES_AGGRESSIVE;
				GCC_WARN_UNUSED_FUNCTION = YES;
				GCC_WARN_UNUSED_VARIABLE = YES;
				IPHONEOS_DEPLOYMENT_TARGET = 11.0;
				MTL_ENABLE_DEBUG_INFO = NO;
				SDKROOT = iphoneos;
				SWIFT_OPTIMIZATION_LEVEL = "-Owholemodule";
				VALIDATE_PRODUCT = YES;
			};
			name = Release;
		};
		221EECC01F89848600700EAC /* Debug */ = {
			isa = XCBuildConfiguration;
			baseConfigurationReference = F685B18C5C6C8A618DEB810D /* Pods-Proximity.debug.xcconfig */;
			buildSettings = {
				ASSETCATALOG_COMPILER_APPICON_NAME = AppIcon;
				CLANG_ENABLE_MODULES = YES;
				CODE_SIGN_STYLE = Automatic;
				DEVELOPMENT_TEAM = DB8SUTA9JU;
				INFOPLIST_FILE = Proximity/Info.plist;
				IPHONEOS_DEPLOYMENT_TARGET = 10.0;
				LD_RUNPATH_SEARCH_PATHS = "$(inherited) @executable_path/Frameworks";
				PRODUCT_BUNDLE_IDENTIFIER = com.temporaryID.Proximity;
				PRODUCT_NAME = "$(TARGET_NAME)";
				SWIFT_OBJC_BRIDGING_HEADER = "Proximity/Proximity-Bridging-Header.h";
				SWIFT_OPTIMIZATION_LEVEL = "-Onone";
				SWIFT_VERSION = 3.0;
				TARGETED_DEVICE_FAMILY = "1,2";
			};
			name = Debug;
		};
		221EECC11F89848600700EAC /* Release */ = {
			isa = XCBuildConfiguration;
			baseConfigurationReference = 38E038452EC97FD5BADAF1FB /* Pods-Proximity.release.xcconfig */;
			buildSettings = {
				ASSETCATALOG_COMPILER_APPICON_NAME = AppIcon;
				CLANG_ENABLE_MODULES = YES;
				CODE_SIGN_STYLE = Automatic;
				DEVELOPMENT_TEAM = DB8SUTA9JU;
				INFOPLIST_FILE = Proximity/Info.plist;
				IPHONEOS_DEPLOYMENT_TARGET = 10.0;
				LD_RUNPATH_SEARCH_PATHS = "$(inherited) @executable_path/Frameworks";
				PRODUCT_BUNDLE_IDENTIFIER = com.temporaryID.Proximity;
				PRODUCT_NAME = "$(TARGET_NAME)";
				SWIFT_OBJC_BRIDGING_HEADER = "Proximity/Proximity-Bridging-Header.h";
				SWIFT_VERSION = 3.0;
				TARGETED_DEVICE_FAMILY = "1,2";
			};
			name = Release;
		};
/* End XCBuildConfiguration section */

/* Begin XCConfigurationList section */
		221EECA81F89848600700EAC /* Build configuration list for PBXProject "Proximity" */ = {
			isa = XCConfigurationList;
			buildConfigurations = (
				221EECBD1F89848600700EAC /* Debug */,
				221EECBE1F89848600700EAC /* Release */,
			);
			defaultConfigurationIsVisible = 0;
			defaultConfigurationName = Release;
		};
		221EECBF1F89848600700EAC /* Build configuration list for PBXNativeTarget "Proximity" */ = {
			isa = XCConfigurationList;
			buildConfigurations = (
				221EECC01F89848600700EAC /* Debug */,
				221EECC11F89848600700EAC /* Release */,
			);
			defaultConfigurationIsVisible = 0;
			defaultConfigurationName = Release;
		};
/* End XCConfigurationList section */
	};
	rootObject = 221EECA51F89848600700EAC /* Project object */;
}
